// !$*UTF8*$!
{
	archiveVersion = 1;
	classes = {
	};
	objectVersion = 46;
	objects = {

/* Begin PBXBuildFile section */
		5E43F89C1DC8312D0052B370 /* WebKit.framework in Frameworks */ = {isa = PBXBuildFile; fileRef = 5E43F89B1DC8312D0052B370 /* WebKit.framework */; };
		5E8DAC551DC2DFCC00998345 /* KMZWKWebView.swift in Sources */ = {isa = PBXBuildFile; fileRef = 5E8DAC541DC2DFCC00998345 /* KMZWKWebView.swift */; };
		5E8DAC571DC2E22800998345 /* KMZResources.swift in Sources */ = {isa = PBXBuildFile; fileRef = 5E8DAC561DC2E22800998345 /* KMZResources.swift */; };
		5EF38A451DC0B488001F341A /* AppDelegate.swift in Sources */ = {isa = PBXBuildFile; fileRef = 5EF38A441DC0B488001F341A /* AppDelegate.swift */; };
		5EF38A471DC0B488001F341A /* ViewController.swift in Sources */ = {isa = PBXBuildFile; fileRef = 5EF38A461DC0B488001F341A /* ViewController.swift */; };
		5EF38A4A1DC0B488001F341A /* Main.storyboard in Resources */ = {isa = PBXBuildFile; fileRef = 5EF38A481DC0B488001F341A /* Main.storyboard */; };
		5EF38A4C1DC0B488001F341A /* Assets.xcassets in Resources */ = {isa = PBXBuildFile; fileRef = 5EF38A4B1DC0B488001F341A /* Assets.xcassets */; };
		5EF38A4F1DC0B488001F341A /* LaunchScreen.storyboard in Resources */ = {isa = PBXBuildFile; fileRef = 5EF38A4D1DC0B488001F341A /* LaunchScreen.storyboard */; };
		5EF38A571DC0B531001F341A /* KMZUIWebViewController.swift in Sources */ = {isa = PBXBuildFile; fileRef = 5EF38A561DC0B531001F341A /* KMZUIWebViewController.swift */; };
		5EF38A591DC0B53A001F341A /* KMZWKWebViewController.swift in Sources */ = {isa = PBXBuildFile; fileRef = 5EF38A581DC0B53A001F341A /* KMZWKWebViewController.swift */; };
		5EF38A5B1DC1AD40001F341A /* KMZCookie.swift in Sources */ = {isa = PBXBuildFile; fileRef = 5EF38A5A1DC1AD40001F341A /* KMZCookie.swift */; };
/* End PBXBuildFile section */

/* Begin PBXFileReference section */
		5E43F89B1DC8312D0052B370 /* WebKit.framework */ = {isa = PBXFileReference; lastKnownFileType = wrapper.framework; name = WebKit.framework; path = System/Library/Frameworks/WebKit.framework; sourceTree = SDKROOT; };
		5E8DAC541DC2DFCC00998345 /* KMZWKWebView.swift */ = {isa = PBXFileReference; fileEncoding = 4; lastKnownFileType = sourcecode.swift; path = KMZWKWebView.swift; sourceTree = "<group>"; };
		5E8DAC561DC2E22800998345 /* KMZResources.swift */ = {isa = PBXFileReference; fileEncoding = 4; lastKnownFileType = sourcecode.swift; path = KMZResources.swift; sourceTree = "<group>"; };
		5EF38A411DC0B488001F341A /* WKWebViewSample.app */ = {isa = PBXFileReference; explicitFileType = wrapper.application; includeInIndex = 0; path = WKWebViewSample.app; sourceTree = BUILT_PRODUCTS_DIR; };
		5EF38A441DC0B488001F341A /* AppDelegate.swift */ = {isa = PBXFileReference; lastKnownFileType = sourcecode.swift; path = AppDelegate.swift; sourceTree = "<group>"; };
		5EF38A461DC0B488001F341A /* ViewController.swift */ = {isa = PBXFileReference; lastKnownFileType = sourcecode.swift; path = ViewController.swift; sourceTree = "<group>"; };
		5EF38A491DC0B488001F341A /* Base */ = {isa = PBXFileReference; lastKnownFileType = file.storyboard; name = Base; path = Base.lproj/Main.storyboard; sourceTree = "<group>"; };
		5EF38A4B1DC0B488001F341A /* Assets.xcassets */ = {isa = PBXFileReference; lastKnownFileType = folder.assetcatalog; path = Assets.xcassets; sourceTree = "<group>"; };
		5EF38A4E1DC0B488001F341A /* Base */ = {isa = PBXFileReference; lastKnownFileType = file.storyboard; name = Base; path = Base.lproj/LaunchScreen.storyboard; sourceTree = "<group>"; };
		5EF38A501DC0B488001F341A /* Info.plist */ = {isa = PBXFileReference; lastKnownFileType = text.plist.xml; path = Info.plist; sourceTree = "<group>"; };
		5EF38A561DC0B531001F341A /* KMZUIWebViewController.swift */ = {isa = PBXFileReference; fileEncoding = 4; lastKnownFileType = sourcecode.swift; path = KMZUIWebViewController.swift; sourceTree = "<group>"; };
		5EF38A581DC0B53A001F341A /* KMZWKWebViewController.swift */ = {isa = PBXFileReference; fileEncoding = 4; lastKnownFileType = sourcecode.swift; path = KMZWKWebViewController.swift; sourceTree = "<group>"; };
		5EF38A5A1DC1AD40001F341A /* KMZCookie.swift */ = {isa = PBXFileReference; fileEncoding = 4; lastKnownFileType = sourcecode.swift; path = KMZCookie.swift; sourceTree = "<group>"; };
/* End PBXFileReference section */

/* Begin PBXFrameworksBuildPhase section */
		5EF38A3E1DC0B488001F341A /* Frameworks */ = {
			isa = PBXFrameworksBuildPhase;
			buildActionMask = 2147483647;
			files = (
				5E43F89C1DC8312D0052B370 /* WebKit.framework in Frameworks */,
			);
			runOnlyForDeploymentPostprocessing = 0;
		};
/* End PBXFrameworksBuildPhase section */

/* Begin PBXGroup section */
		5E43F89A1DC8312D0052B370 /* Frameworks */ = {
			isa = PBXGroup;
			children = (
				5E43F89B1DC8312D0052B370 /* WebKit.framework */,
			);
			name = Frameworks;
			sourceTree = "<group>";
		};
		5EF38A381DC0B488001F341A = {
			isa = PBXGroup;
			children = (
				5EF38A431DC0B488001F341A /* WKWebViewSample */,
				5EF38A421DC0B488001F341A /* Products */,
				5E43F89A1DC8312D0052B370 /* Frameworks */,
			);
			sourceTree = "<group>";
		};
		5EF38A421DC0B488001F341A /* Products */ = {
			isa = PBXGroup;
			children = (
				5EF38A411DC0B488001F341A /* WKWebViewSample.app */,
			);
			name = Products;
			sourceTree = "<group>";
		};
		5EF38A431DC0B488001F341A /* WKWebViewSample */ = {
			isa = PBXGroup;
			children = (
				5EF38A441DC0B488001F341A /* AppDelegate.swift */,
				5EF38A461DC0B488001F341A /* ViewController.swift */,
				5EF38A481DC0B488001F341A /* Main.storyboard */,
				5E8DAC561DC2E22800998345 /* KMZResources.swift */,
				5EF38A561DC0B531001F341A /* KMZUIWebViewController.swift */,
				5EF38A581DC0B53A001F341A /* KMZWKWebViewController.swift */,
				5E8DAC541DC2DFCC00998345 /* KMZWKWebView.swift */,
				5EF38A5A1DC1AD40001F341A /* KMZCookie.swift */,
				5EF38A4B1DC0B488001F341A /* Assets.xcassets */,
				5EF38A4D1DC0B488001F341A /* LaunchScreen.storyboard */,
				5EF38A501DC0B488001F341A /* Info.plist */,
			);
			path = WKWebViewSample;
			sourceTree = "<group>";
		};
/* End PBXGroup section */

/* Begin PBXNativeTarget section */
		5EF38A401DC0B488001F341A /* WKWebViewSample */ = {
			isa = PBXNativeTarget;
			buildConfigurationList = 5EF38A531DC0B488001F341A /* Build configuration list for PBXNativeTarget "WKWebViewSample" */;
			buildPhases = (
				5EF38A3D1DC0B488001F341A /* Sources */,
				5EF38A3E1DC0B488001F341A /* Frameworks */,
				5EF38A3F1DC0B488001F341A /* Resources */,
			);
			buildRules = (
			);
			dependencies = (
			);
			name = WKWebViewSample;
			productName = WKWebViewSample;
			productReference = 5EF38A411DC0B488001F341A /* WKWebViewSample.app */;
			productType = "com.apple.product-type.application";
		};
/* End PBXNativeTarget section */

/* Begin PBXProject section */
		5EF38A391DC0B488001F341A /* Project object */ = {
			isa = PBXProject;
			attributes = {
				LastSwiftUpdateCheck = 0800;
				LastUpgradeCheck = 0810;
				ORGANIZATIONNAME = "Kentaro Matsumae";
				TargetAttributes = {
					5EF38A401DC0B488001F341A = {
						CreatedOnToolsVersion = 8.0;
						DevelopmentTeam = MVRUT54B38;
						ProvisioningStyle = Automatic;
					};
				};
			};
			buildConfigurationList = 5EF38A3C1DC0B488001F341A /* Build configuration list for PBXProject "WKWebViewSample" */;
			compatibilityVersion = "Xcode 3.2";
			developmentRegion = English;
			hasScannedForEncodings = 0;
			knownRegions = (
				en,
				Base,
			);
			mainGroup = 5EF38A381DC0B488001F341A;
			productRefGroup = 5EF38A421DC0B488001F341A /* Products */;
			projectDirPath = "";
			projectRoot = "";
			targets = (
				5EF38A401DC0B488001F341A /* WKWebViewSample */,
			);
		};
/* End PBXProject section */

/* Begin PBXResourcesBuildPhase section */
		5EF38A3F1DC0B488001F341A /* Resources */ = {
			isa = PBXResourcesBuildPhase;
			buildActionMask = 2147483647;
			files = (
				5EF38A4F1DC0B488001F341A /* LaunchScreen.storyboard in Resources */,
				5EF38A4C1DC0B488001F341A /* Assets.xcassets in Resources */,
				5EF38A4A1DC0B488001F341A /* Main.storyboard in Resources */,
			);
			runOnlyForDeploymentPostprocessing = 0;
		};
/* End PBXResourcesBuildPhase section */

/* Begin PBXSourcesBuildPhase section */
		5EF38A3D1DC0B488001F341A /* Sources */ = {
			isa = PBXSourcesBuildPhase;
			buildActionMask = 2147483647;
			files = (
				5EF38A591DC0B53A001F341A /* KMZWKWebViewController.swift in Sources */,
				5EF38A5B1DC1AD40001F341A /* KMZCookie.swift in Sources */,
				5EF38A571DC0B531001F341A /* KMZUIWebViewController.swift in Sources */,
				5EF38A471DC0B488001F341A /* ViewController.swift in Sources */,
				5E8DAC551DC2DFCC00998345 /* KMZWKWebView.swift in Sources */,
				5E8DAC571DC2E22800998345 /* KMZResources.swift in Sources */,
				5EF38A451DC0B488001F341A /* AppDelegate.swift in Sources */,
			);
			runOnlyForDeploymentPostprocessing = 0;
		};
/* End PBXSourcesBuildPhase section */

/* Begin PBXVariantGroup section */
		5EF38A481DC0B488001F341A /* Main.storyboard */ = {
			isa = PBXVariantGroup;
			children = (
				5EF38A491DC0B488001F341A /* Base */,
			);
			name = Main.storyboard;
			sourceTree = "<group>";
		};
		5EF38A4D1DC0B488001F341A /* LaunchScreen.storyboard */ = {
			isa = PBXVariantGroup;
			children = (
				5EF38A4E1DC0B488001F341A /* Base */,
			);
			name = LaunchScreen.storyboard;
			sourceTree = "<group>";
		};
/* End PBXVariantGroup section */

/* Begin XCBuildConfiguration section */
		5EF38A511DC0B488001F341A /* Debug */ = {
			isa = XCBuildConfiguration;
			buildSettings = {
				ALWAYS_SEARCH_USER_PATHS = NO;
				CLANG_ANALYZER_NONNULL = YES;
				CLANG_CXX_LANGUAGE_STANDARD = "gnu++0x";
				CLANG_CXX_LIBRARY = "libc++";
				CLANG_ENABLE_MODULES = YES;
				CLANG_ENABLE_OBJC_ARC = YES;
				CLANG_WARN_BOOL_CONVERSION = YES;
				CLANG_WARN_CONSTANT_CONVERSION = YES;
				CLANG_WARN_DIRECT_OBJC_ISA_USAGE = YES_ERROR;
				CLANG_WARN_DOCUMENTATION_COMMENTS = YES;
				CLANG_WARN_EMPTY_BODY = YES;
				CLANG_WARN_ENUM_CONVERSION = YES;
				CLANG_WARN_INFINITE_RECURSION = YES;
				CLANG_WARN_INT_CONVERSION = YES;
				CLANG_WARN_OBJC_ROOT_CLASS = YES_ERROR;
				CLANG_WARN_SUSPICIOUS_MOVE = YES;
				CLANG_WARN_SUSPICIOUS_MOVES = YES;
				CLANG_WARN_UNREACHABLE_CODE = YES;
				CLANG_WARN__DUPLICATE_METHOD_MATCH = YES;
				"CODE_SIGN_IDENTITY[sdk=iphoneos*]" = "iPhone Developer";
				COPY_PHASE_STRIP = NO;
				DEBUG_INFORMATION_FORMAT = dwarf;
				ENABLE_STRICT_OBJC_MSGSEND = YES;
				ENABLE_TESTABILITY = YES;
				GCC_C_LANGUAGE_STANDARD = gnu99;
				GCC_DYNAMIC_NO_PIC = NO;
				GCC_NO_COMMON_BLOCKS = YES;
				GCC_OPTIMIZATION_LEVEL = 0;
				GCC_PREPROCESSOR_DEFINITIONS = (
					"DEBUG=1",
					"$(inherited)",
				);
				GCC_WARN_64_TO_32_BIT_CONVERSION = YES;
				GCC_WARN_ABOUT_RETURN_TYPE = YES_ERROR;
				GCC_WARN_UNDECLARED_SELECTOR = YES;
				GCC_WARN_UNINITIALIZED_AUTOS = YES_AGGRESSIVE;
				GCC_WARN_UNUSED_FUNCTION = YES;
				GCC_WARN_UNUSED_VARIABLE = YES;
				IPHONEOS_DEPLOYMENT_TARGET = 10.0;
				MTL_ENABLE_DEBUG_INFO = YES;
				ONLY_ACTIVE_ARCH = YES;
				SDKROOT = iphoneos;
				SWIFT_ACTIVE_COMPILATION_CONDITIONS = DEBUG;
				SWIFT_OPTIMIZATION_LEVEL = "-Onone";
				TARGETED_DEVICE_FAMILY = "1,2";
			};
			name = Debug;
		};
		5EF38A521DC0B488001F341A /* Release */ = {
			isa = XCBuildConfiguration;
			buildSettings = {
				ALWAYS_SEARCH_USER_PATHS = NO;
				CLANG_ANALYZER_NONNULL = YES;
				CLANG_CXX_LANGUAGE_STANDARD = "gnu++0x";
				CLANG_CXX_LIBRARY = "libc++";
				CLANG_ENABLE_MODULES = YES;
				CLANG_ENABLE_OBJC_ARC = YES;
				CLANG_WARN_BOOL_CONVERSION = YES;
				CLANG_WARN_CONSTANT_CONVERSION = YES;
				CLANG_WARN_DIRECT_OBJC_ISA_USAGE = YES_ERROR;
				CLANG_WARN_DOCUMENTATION_COMMENTS = YES;
				CLANG_WARN_EMPTY_BODY = YES;
				CLANG_WARN_ENUM_CONVERSION = YES;
				CLANG_WARN_INFINITE_RECURSION = YES;
				CLANG_WARN_INT_CONVERSION = YES;
				CLANG_WARN_OBJC_ROOT_CLASS = YES_ERROR;
				CLANG_WARN_SUSPICIOUS_MOVE = YES;
				CLANG_WARN_SUSPICIOUS_MOVES = YES;
				CLANG_WARN_UNREACHABLE_CODE = YES;
				CLANG_WARN__DUPLICATE_METHOD_MATCH = YES;
				"CODE_SIGN_IDENTITY[sdk=iphoneos*]" = "iPhone Developer";
				COPY_PHASE_STRIP = NO;
				DEBUG_INFORMATION_FORMAT = "dwarf-with-dsym";
				ENABLE_NS_ASSERTIONS = NO;
				ENABLE_STRICT_OBJC_MSGSEND = YES;
				GCC_C_LANGUAGE_STANDARD = gnu99;
				GCC_NO_COMMON_BLOCKS = YES;
				GCC_WARN_64_TO_32_BIT_CONVERSION = YES;
				GCC_WARN_ABOUT_RETURN_TYPE = YES_ERROR;
				GCC_WARN_UNDECLARED_SELECTOR = YES;
				GCC_WARN_UNINITIALIZED_AUTOS = YES_AGGRESSIVE;
				GCC_WARN_UNUSED_FUNCTION = YES;
				GCC_WARN_UNUSED_VARIABLE = YES;
				IPHONEOS_DEPLOYMENT_TARGET = 10.0;
				MTL_ENABLE_DEBUG_INFO = NO;
				SDKROOT = iphoneos;
				SWIFT_OPTIMIZATION_LEVEL = "-Owholemodule";
				TARGETED_DEVICE_FAMILY = "1,2";
				VALIDATE_PRODUCT = YES;
			};
			name = Release;
		};
		5EF38A541DC0B488001F341A /* Debug */ = {
			isa = XCBuildConfiguration;
			buildSettings = {
				ASSETCATALOG_COMPILER_APPICON_NAME = AppIcon;
				DEVELOPMENT_TEAM = MVRUT54B38;
				INFOPLIST_FILE = WKWebViewSample/Info.plist;
				LD_RUNPATH_SEARCH_PATHS = "$(inherited) @executable_path/Frameworks";
				PRODUCT_BUNDLE_IDENTIFIER = net.kenmaz.WKWebViewSample;
				PRODUCT_NAME = "$(TARGET_NAME)";
				SWIFT_VERSION = 3.0;
			};
			name = Debug;
		};
		5EF38A551DC0B488001F341A /* Release */ = {
			isa = XCBuildConfiguration;
			buildSettings = {
				ASSETCATALOG_COMPILER_APPICON_NAME = AppIcon;
				DEVELOPMENT_TEAM = MVRUT54B38;
				INFOPLIST_FILE = WKWebViewSample/Info.plist;
				LD_RUNPATH_SEARCH_PATHS = "$(inherited) @executable_path/Frameworks";
				PRODUCT_BUNDLE_IDENTIFIER = net.kenmaz.WKWebViewSample;
				PRODUCT_NAME = "$(TARGET_NAME)";
				SWIFT_VERSION = 3.0;
			};
			name = Release;
		};
/* End XCBuildConfiguration section */

/* Begin XCConfigurationList section */
		5EF38A3C1DC0B488001F341A /* Build configuration list for PBXProject "WKWebViewSample" */ = {
			isa = XCConfigurationList;
			buildConfigurations = (
				5EF38A511DC0B488001F341A /* Debug */,
				5EF38A521DC0B488001F341A /* Release */,
			);
			defaultConfigurationIsVisible = 0;
			defaultConfigurationName = Release;
		};
		5EF38A531DC0B488001F341A /* Build configuration list for PBXNativeTarget "WKWebViewSample" */ = {
			isa = XCConfigurationList;
			buildConfigurations = (
				5EF38A541DC0B488001F341A /* Debug */,
				5EF38A551DC0B488001F341A /* Release */,
			);
			defaultConfigurationIsVisible = 0;
			defaultConfigurationName = Release;
		};
/* End XCConfigurationList section */
	};
	rootObject = 5EF38A391DC0B488001F341A /* Project object */;
}
